{
  "version": "3",
  "packages": {
    "specifiers": {
      "jsr:@std/assert@^0.222.1": "jsr:@std/assert@0.222.1",
      "jsr:@std/cli@^0.222.1": "jsr:@std/cli@0.222.1",
      "jsr:@std/fmt@^0.222.1": "jsr:@std/fmt@0.222.1",
      "jsr:@std/fs@^0.222.1": "jsr:@std/fs@0.222.1",
      "jsr:@std/json@^0.222.1": "jsr:@std/json@0.222.1",
      "jsr:@std/jsonc@^0.222.1": "jsr:@std/jsonc@0.222.1",
      "jsr:@std/path@^0.222.1": "jsr:@std/path@0.222.1",
      "npm:superjson@1.13.3": "npm:superjson@1.13.3"
    },
    "jsr": {
      "@std/assert@0.222.1": {
        "integrity": "691637161ee584a9919d1f9950ddd1272feb8e0a19e83aa5b7563cedaf73d74c"
      },
      "@std/cli@0.222.1": {
        "integrity": "18b3c15840d68dc588db53613e0e9b196e30e33ea2a2906624c991c008421ffa",
        "dependencies": [
          "jsr:@std/assert@^0.222.1"
        ]
      },
      "@std/fmt@0.222.1": {
        "integrity": "ec3382f9b0261c1ab1a5c804aa355d816515fa984cdd827ed32edfb187c0a722"
      },
      "@std/fs@0.222.1": {
        "integrity": "337613f33e6e5970dddb263c3a3e5b8e39c97810ad6fe326cb9f65146af2503b"
      },
      "@std/json@0.222.1": {
        "integrity": "ce4fb420dfd818fc2569289217842a3e70f249279f038a5e266f7b6572a2829a"
      },
      "@std/jsonc@0.222.1": {
        "integrity": "5d82d64eeb244e88fbb0927587dea7e1feccc6d5d9f49995b9ff5756d01be493",
        "dependencies": [
          "jsr:@std/assert@^0.222.1",
          "jsr:@std/json@^0.222.1"
        ]
      },
      "@std/path@0.222.1": {
        "integrity": "aad3e9463ca53b0adb25b4d5beb330025674aaa3278da24c1c261d9289a9e48b",
        "dependencies": [
          "jsr:@std/assert@^0.222.1"
        ]
      }
    },
    "npm": {
      "copy-anything@3.0.5": {
        "integrity": "sha512-yCEafptTtb4bk7GLEQoM8KVJpxAfdBJYaXyzQEgQQQgYrZiDp8SJmGKlYza6CYjEDNstAdNdKA3UuoULlEbS6w==",
        "dependencies": {
          "is-what": "is-what@4.1.16"
        }
      },
      "is-what@4.1.16": {
        "integrity": "sha512-ZhMwEosbFJkA0YhFnNDgTM4ZxDRsS6HqTo7qsZM08fehyRYIYa0yHu5R6mgo1n/8MgaPBXiPimPD77baVFYg+A==",
        "dependencies": {}
      },
      "superjson@1.13.3": {
        "integrity": "sha512-mJiVjfd2vokfDxsQPOwJ/PtanO87LhpYY88ubI5dUB1Ab58Txbyje3+jpm+/83R/fevaq/107NNhtYBLuoTrFg==",
        "dependencies": {
          "copy-anything": "copy-anything@3.0.5"
        }
      }
    }
  },
  "remote": {
    "https://deno.land/std@0.203.0/dotenv/load.ts": "0636983549b98f29ab75c9a22a42d9723f0a389ece5498fe971e7bb2556a12e2",
    "https://deno.land/std@0.203.0/dotenv/mod.ts": "1da8c6d0e7f7d8a5c2b19400b763bc11739df24acec235dda7ea2cfd3d300057",
    "https://deno.land/x/enogu@0.3.1/colors.ts": "f38c82bae587cc40cb89670b1a3847053bbde61ad326dfe4377f0433e824c50b"
  },
  "workspace": {
    "dependencies": [
      "jsr:@std/cli@^0.222.1",
      "jsr:@std/fmt@^0.222.1",
      "jsr:@std/fs@^0.222.1",
      "jsr:@std/json@^0.222.1",
      "jsr:@std/jsonc@^0.222.1",
      "jsr:@std/path@^0.222.1"
    ]
  }
}
